
Microsoft Visual Studio Solution File, Format Version 12.00
# Visual Studio 15
VisualStudioVersion = 15.0.27703.2035
MinimumVisualStudioVersion = 10.0.40219.1
Project("{FAE04EC0-301F-11D3-BF4B-00C04F79EFBC}") = "DucksDemo", "DucksDemo\DucksDemo.csproj", "{07606151-2722-48A0-B027-5E3FBB93F979}"
EndProject
Project("{FAE04EC0-301F-11D3-BF4B-00C04F79EFBC}") = "Ducks.Library", "Ducks.Library\Ducks.Library.csproj", "{3DE0DDF4-57D5-4563-8523-3CCD02E5CA36}"
EndProject
Global
	GlobalSection(SolutionConfigurationPlatforms) = preSolution
		Debug|Any CPU = Debug|Any CPU
		Release|Any CPU = Release|Any CPU
	EndGlobalSection
	GlobalSection(ProjectConfigurationPlatforms) = postSolution
		{07606151-2722-48A0-B027-5E3FBB93F979}.Debug|Any CPU.ActiveCfg = Debug|Any CPU
		{07606151-2722-48A0-B027-5E3FBB93F979}.Debug|Any CPU.Build.0 = Debug|Any CPU
		{07606151-2722-48A0-B027-5E3FBB93F979}.Release|Any CPU.ActiveCfg = Release|Any CPU
		{07606151-2722-48A0-B027-5E3FBB93F979}.Release|Any CPU.Build.0 = Release|Any CPU
		{3DE0DDF4-57D5-4563-8523-3CCD02E5CA36}.Debug|Any CPU.ActiveCfg = Debug|Any CPU
		{3DE0DDF4-57D5-4563-8523-3CCD02E5CA36}.Debug|Any CPU.Build.0 = Debug|Any CPU
		{3DE0DDF4-57D5-4563-8523-3CCD02E5CA36}.Release|Any CPU.ActiveCfg = Release|Any CPU
		{3DE0DDF4-57D5-4563-8523-3CCD02E5CA36}.Release|Any CPU.Build.0 = Release|Any CPU
	EndGlobalSection
	GlobalSection(SolutionProperties) = preSolution
		HideSolutionNode = FALSE
	EndGlobalSection
	GlobalSection(ExtensibilityGlobals) = postSolution
		SolutionGuid = {A47EB223-FFFD-40F6-8A13-BED7E947027D}
	EndGlobalSection
EndGlobal
